// !$*UTF8*$!
{
	archiveVersion = 1;
	classes = {
	};
	objectVersion = 63;
	objects = {

/* Begin PBXBuildFile section */
		A10000000000000000000005 /* LocationTestHostApp.swift in Sources */ = {isa = PBXBuildFile; fileRef = A10000000000000000000003 /* LocationTestHostApp.swift */; };
		A10000000000000000000006 /* FixedLocationUITests.swift in Sources */ = {isa = PBXBuildFile; fileRef = A10000000000000000000004 /* FixedLocationUITests.swift */; };
/* End PBXBuildFile section */

/* Begin PBXContainerItemProxy section */
		A10000000000000000000070 /* PBXContainerItemProxy */ = {
			isa = PBXContainerItemProxy;
			containerPortal = A10000000000000000000032 /* Project object */;
			proxyType = 1;
			remoteGlobalIDString = A10000000000000000000040;
			remoteInfo = LocationTestHost;
		};
/* End PBXContainerItemProxy section */

/* Begin PBXFileReference section */
		A10000000000000000000001 /* LocationTestHost.app */ = {isa = PBXFileReference; explicitFileType = wrapper.application; includeInIndex = 0; path = LocationTestHost.app; sourceTree = BUILT_PRODUCTS_DIR; };
		A10000000000000000000002 /* LocationTestHostUITests.xctest */ = {isa = PBXFileReference; explicitFileType = wrapper.cfbundle; includeInIndex = 0; path = LocationTestHostUITests.xctest; sourceTree = BUILT_PRODUCTS_DIR; };
		A10000000000000000000003 /* LocationTestHostApp.swift */ = {isa = PBXFileReference; lastKnownFileType = sourcecode.swift; path = LocationTestHostApp.swift; sourceTree = "<group>"; };
		A10000000000000000000004 /* FixedLocationUITests.swift */ = {isa = PBXFileReference; lastKnownFileType = sourcecode.swift; path = FixedLocationUITests.swift; sourceTree = "<group>"; };
/* End PBXFileReference section */

/* Begin PBXFrameworksBuildPhase section */
		A10000000000000000000020 /* Frameworks */ = {
			isa = PBXFrameworksBuildPhase;
			buildActionMask = 2147483647;
			files = (
			);
			runOnlyForDeploymentPostprocessing = 0;
		};
		A10000000000000000000021 /* Frameworks */ = {
			isa = PBXFrameworksBuildPhase;
			buildActionMask = 2147483647;
			files = (
			);
			runOnlyForDeploymentPostprocessing = 0;
		};
/* End PBXFrameworksBuildPhase section */

/* Begin PBXGroup section */
		A10000000000000000000010 /* LocationTestHost */ = {
			isa = PBXGroup;
			children = (
				A10000000000000000000003 /* LocationTestHostApp.swift */,
			);
			path = LocationTestHost;
			sourceTree = "<group>";
		};
		A10000000000000000000011 /* LocationTestHostUITests */ = {
			isa = PBXGroup;
			children = (
				A10000000000000000000004 /* FixedLocationUITests.swift */,
			);
			path = LocationTestHostUITests;
			sourceTree = "<group>";
		};
		A10000000000000000000030 = {
			isa = PBXGroup;
			children = (
				A10000000000000000000010 /* LocationTestHost */,
				A10000000000000000000011 /* LocationTestHostUITests */,
				A10000000000000000000031 /* Products */,
			);
			sourceTree = "<group>";
		};
		A10000000000000000000031 /* Products */ = {
			isa = PBXGroup;
			children = (
				A10000000000000000000001 /* LocationTestHost.app */,
				A10000000000000000000002 /* LocationTestHostUITests.xctest */,
			);
			name = Products;
			sourceTree = "<group>";
		};
/* End PBXGroup section */

/* Begin PBXNativeTarget section */
		A10000000000000000000040 /* LocationTestHost */ = {
			isa = PBXNativeTarget;
			buildConfigurationList = A10000000000000000000050 /* Build configuration list for PBXNativeTarget "LocationTestHost" */;
			buildPhases = (
				A10000000000000000000022 /* Sources */,
				A10000000000000000000020 /* Frameworks */,
				A10000000000000000000023 /* Resources */,
			);
			buildRules = (
			);
			dependencies = (
			);
			name = LocationTestHost;
			productName = LocationTestHost;
			productReference = A10000000000000000000001 /* LocationTestHost.app */;
			productType = "com.apple.product-type.application";
		};
		A10000000000000000000041 /* LocationTestHostUITests */ = {
			isa = PBXNativeTarget;
			buildConfigurationList = A10000000000000000000051 /* Build configuration list for PBXNativeTarget "LocationTestHostUITests" */;
			buildPhases = (
				A10000000000000000000024 /* Sources */,
				A10000000000000000000021 /* Frameworks */,
				A10000000000000000000025 /* Resources */,
			);
			buildRules = (
			);
			dependencies = (
				A10000000000000000000071 /* PBXTargetDependency */,
			);
			name = LocationTestHostUITests;
			productName = LocationTestHostUITests;
			productReference = A10000000000000000000002 /* LocationTestHostUITests.xctest */;
			productType = "com.apple.product-type.bundle.ui-testing";
		};
/* End PBXNativeTarget section */

/* Begin PBXTargetDependency section */
		A10000000000000000000071 /* PBXTargetDependency */ = {
			isa = PBXTargetDependency;
			target = A10000000000000000000040 /* LocationTestHost */;
			targetProxy = A10000000000000000000070 /* PBXContainerItemProxy */;
		};
/* End PBXTargetDependency section */

/* Begin PBXProject section */
		A10000000000000000000032 /* Project object */ = {
			isa = PBXProject;
			attributes = {
				BuildIndependentTargetsInParallel = 1;
				LastSwiftUpdateCheck = 2620;
				LastUpgradeCheck = 2620;
				TargetAttributes = {
					A10000000000000000000040 = {
						CreatedOnToolsVersion = 26.2;
					};
					A10000000000000000000041 = {
						CreatedOnToolsVersion = 26.2;
						ProvisioningStyle = Automatic;
						TestTargetID = A10000000000000000000040;
					};
				};
			};
			buildConfigurationList = A10000000000000000000052 /* Build configuration list for PBXProject "LocationTestRunner" */;
			compatibilityVersion = "Xcode 3.2";
			developmentRegion = en;
			hasScannedForEncodings = 0;
			knownRegions = (
				en,
				Base,
			);
			mainGroup = A10000000000000000000030;
			minimizedProjectReferenceProxies = 1;
			productRefGroup = A10000000000000000000031 /* Products */;
			projectDirPath = "";
			projectRoot = "";
			targets = (
				A10000000000000000000040 /* LocationTestHost */,
				A10000000000000000000041 /* LocationTestHostUITests */,
			);
		};
/* End PBXProject section */

/* Begin PBXResourcesBuildPhase section */
		A10000000000000000000023 /* Resources */ = {
			isa = PBXResourcesBuildPhase;
			buildActionMask = 2147483647;
			files = (
			);
			runOnlyForDeploymentPostprocessing = 0;
		};
		A10000000000000000000025 /* Resources */ = {
			isa = PBXResourcesBuildPhase;
			buildActionMask = 2147483647;
			files = (
			);
			runOnlyForDeploymentPostprocessing = 0;
		};
/* End PBXResourcesBuildPhase section */

/* Begin PBXSourcesBuildPhase section */
		A10000000000000000000022 /* Sources */ = {
			isa = PBXSourcesBuildPhase;
			buildActionMask = 2147483647;
			files = (
				A10000000000000000000005 /* LocationTestHostApp.swift in Sources */,
			);
			runOnlyForDeploymentPostprocessing = 0;
		};
		A10000000000000000000024 /* Sources */ = {
			isa = PBXSourcesBuildPhase;
			buildActionMask = 2147483647;
			files = (
				A10000000000000000000006 /* FixedLocationUITests.swift in Sources */,
			);
			runOnlyForDeploymentPostprocessing = 0;
		};
/* End PBXSourcesBuildPhase section */

/* Begin XCBuildConfiguration section */
		A10000000000000000000060 /* Debug */ = {
			isa = XCBuildConfiguration;
			buildSettings = {
				ASSETCATALOG_COMPILER_GLOBAL_ACCENT_COLOR_NAME = AccentColor;
				CODE_SIGN_IDENTITY = "Apple Development";
				CODE_SIGN_STYLE = Automatic;
				CURRENT_PROJECT_VERSION = 1;
				DEVELOPMENT_TEAM = L83NTDTM25;
				GENERATE_INFOPLIST_FILE = YES;
				INFOPLIST_KEY_CFBundleDisplayName = "Location Test Host";
				INFOPLIST_KEY_NSLocalNetworkUsageDescription = "用於接收 macOS Map Go 的定位控制命令。";
				INFOPLIST_KEY_NSLocationWhenInUseUsageDescription = "Used to verify XCTest simulated location.";
				IPHONEOS_DEPLOYMENT_TARGET = 17.0;
				PRODUCT_BUNDLE_IDENTIFIER = com.mapgo.locationtesthost;
				PRODUCT_NAME = "$(TARGET_NAME)";
				PROVISIONING_PROFILE_SPECIFIER = "";
				SDKROOT = iphoneos;
				SWIFT_VERSION = 5.0;
				TARGETED_DEVICE_FAMILY = "1,2";
			};
			name = Debug;
		};
		A10000000000000000000061 /* Release */ = {
			isa = XCBuildConfiguration;
			buildSettings = {
				ASSETCATALOG_COMPILER_GLOBAL_ACCENT_COLOR_NAME = AccentColor;
				CODE_SIGN_IDENTITY = "Apple Development";
				CODE_SIGN_STYLE = Automatic;
				CURRENT_PROJECT_VERSION = 1;
				DEVELOPMENT_TEAM = L83NTDTM25;
				GENERATE_INFOPLIST_FILE = YES;
				INFOPLIST_KEY_CFBundleDisplayName = "Location Test Host";
				INFOPLIST_KEY_NSLocalNetworkUsageDescription = "用於接收 macOS Map Go 的定位控制命令。";
				INFOPLIST_KEY_NSLocationWhenInUseUsageDescription = "Used to verify XCTest simulated location.";
				IPHONEOS_DEPLOYMENT_TARGET = 17.0;
				PRODUCT_BUNDLE_IDENTIFIER = com.mapgo.locationtesthost;
				PRODUCT_NAME = "$(TARGET_NAME)";
				PROVISIONING_PROFILE_SPECIFIER = "";
				SDKROOT = iphoneos;
				SWIFT_VERSION = 5.0;
				TARGETED_DEVICE_FAMILY = "1,2";
			};
			name = Release;
		};
		A10000000000000000000062 /* Debug */ = {
			isa = XCBuildConfiguration;
			buildSettings = {
				CODE_SIGN_IDENTITY = "Apple Development";
				CODE_SIGN_STYLE = Automatic;
				CURRENT_PROJECT_VERSION = 1;
				DEVELOPMENT_TEAM = L83NTDTM25;
				GENERATE_INFOPLIST_FILE = YES;
				INFOPLIST_KEY_NSLocalNetworkUsageDescription = "用於接收 macOS Map Go 的定位控制命令。";
				IPHONEOS_DEPLOYMENT_TARGET = 17.0;
				PRODUCT_BUNDLE_IDENTIFIER = com.mapgo.locationtesthost.uitests;
				PRODUCT_NAME = "$(TARGET_NAME)";
				PROVISIONING_PROFILE_SPECIFIER = "";
				SDKROOT = iphoneos;
				SWIFT_VERSION = 5.0;
				TARGETED_DEVICE_FAMILY = "1,2";
				TEST_TARGET_NAME = LocationTestHost;
			};
			name = Debug;
		};
		A10000000000000000000063 /* Release */ = {
			isa = XCBuildConfiguration;
			buildSettings = {
				CODE_SIGN_IDENTITY = "Apple Development";
				CODE_SIGN_STYLE = Automatic;
				CURRENT_PROJECT_VERSION = 1;
				DEVELOPMENT_TEAM = L83NTDTM25;
				GENERATE_INFOPLIST_FILE = YES;
				INFOPLIST_KEY_NSLocalNetworkUsageDescription = "用於接收 macOS Map Go 的定位控制命令。";
				IPHONEOS_DEPLOYMENT_TARGET = 17.0;
				PRODUCT_BUNDLE_IDENTIFIER = com.mapgo.locationtesthost.uitests;
				PRODUCT_NAME = "$(TARGET_NAME)";
				PROVISIONING_PROFILE_SPECIFIER = "";
				SDKROOT = iphoneos;
				SWIFT_VERSION = 5.0;
				TARGETED_DEVICE_FAMILY = "1,2";
				TEST_TARGET_NAME = LocationTestHost;
			};
			name = Release;
		};
		A10000000000000000000064 /* Debug */ = {
			isa = XCBuildConfiguration;
			buildSettings = {
				ALWAYS_SEARCH_USER_PATHS = NO;
				SWIFT_VERSION = 5.0;
			};
			name = Debug;
		};
		A10000000000000000000065 /* Release */ = {
			isa = XCBuildConfiguration;
			buildSettings = {
				ALWAYS_SEARCH_USER_PATHS = NO;
				SWIFT_VERSION = 5.0;
			};
			name = Release;
		};
/* End XCBuildConfiguration section */

/* Begin XCConfigurationList section */
		A10000000000000000000050 /* Build configuration list for PBXNativeTarget "LocationTestHost" */ = {
			isa = XCConfigurationList;
			buildConfigurations = (
				A10000000000000000000060 /* Debug */,
				A10000000000000000000061 /* Release */,
			);
			defaultConfigurationIsVisible = 0;
			defaultConfigurationName = Release;
		};
		A10000000000000000000051 /* Build configuration list for PBXNativeTarget "LocationTestHostUITests" */ = {
			isa = XCConfigurationList;
			buildConfigurations = (
				A10000000000000000000062 /* Debug */,
				A10000000000000000000063 /* Release */,
			);
			defaultConfigurationIsVisible = 0;
			defaultConfigurationName = Release;
		};
		A10000000000000000000052 /* Build configuration list for PBXProject "LocationTestRunner" */ = {
			isa = XCConfigurationList;
			buildConfigurations = (
				A10000000000000000000064 /* Debug */,
				A10000000000000000000065 /* Release */,
			);
			defaultConfigurationIsVisible = 0;
			defaultConfigurationName = Release;
		};
/* End XCConfigurationList section */
	};
	rootObject = A10000000000000000000032 /* Project object */;
}
